
Microsoft Visual Studio Solution File, Format Version 12.00
# Visual Studio 2013
VisualStudioVersion = 12.0.31101.0
MinimumVisualStudioVersion = 10.0.40219.1
Project("{FAE04EC0-301F-11D3-BF4B-00C04F79EFBC}") = "SpyderClientSharedLibrary", "SpyderClientSharedLibrary\SpyderClientSharedLibrary.csproj", "{2DE05B6E-23BF-440A-921D-79043CF14599}"
EndProject
Project("{FAE04EC0-301F-11D3-BF4B-00C04F79EFBC}") = "SpyderClientLibraryRT", "SpyderClientLibraryRT\SpyderClientLibraryRT.csproj", "{37663DB7-1CB2-4857-88A1-65925C2280F5}"
EndProject
Project("{FAE04EC0-301F-11D3-BF4B-00C04F79EFBC}") = "SpyderClientLibraryWPF", "SpyderClientLibraryWPF\SpyderClientLibraryWPF.csproj", "{FB0FC802-4FC5-4446-B2DD-48201C738DD1}"
EndProject
Global
	GlobalSection(TeamFoundationVersionControl) = preSolution
		SccNumberOfProjects = 4
		SccEnterpriseProvider = {4CA58AB2-18FA-4F8D-95D4-32DDF27D184C}
		SccTeamFoundationServer = https://knightware.visualstudio.com/defaultcollection
		SccProjectUniqueName0 = SpyderClientSharedLibrary\\SpyderClientSharedLibrary.csproj
		SccProjectName0 = SpyderClientSharedLibrary
		SccLocalPath0 = SpyderClientSharedLibrary
		SccProjectUniqueName1 = SpyderClientLibraryRT\\SpyderClientLibraryRT.csproj
		SccProjectName1 = SpyderClientLibraryRT
		SccLocalPath1 = SpyderClientLibraryRT
		SccProjectUniqueName2 = SpyderClientLibraryWPF\\SpyderClientLibraryWPF.csproj
		SccProjectName2 = SpyderClientLibraryWPF
		SccLocalPath2 = SpyderClientLibraryWPF
		SccLocalPath3 = SpyderClientLibraries
		SccProjectFilePathRelativizedFromConnection3 = ..\\
	EndGlobalSection
	GlobalSection(SolutionConfigurationPlatforms) = preSolution
		Debug|Any CPU = Debug|Any CPU
		Debug|ARM = Debug|ARM
		Debug|x64 = Debug|x64
		Debug|x86 = Debug|x86
		Release|Any CPU = Release|Any CPU
		Release|ARM = Release|ARM
		Release|x64 = Release|x64
		Release|x86 = Release|x86
	EndGlobalSection
	GlobalSection(ProjectConfigurationPlatforms) = postSolution
		{2DE05B6E-23BF-440A-921D-79043CF14599}.Debug|Any CPU.ActiveCfg = Debug|Any CPU
		{2DE05B6E-23BF-440A-921D-79043CF14599}.Debug|Any CPU.Build.0 = Debug|Any CPU
		{2DE05B6E-23BF-440A-921D-79043CF14599}.Debug|ARM.ActiveCfg = Debug|ARM
		{2DE05B6E-23BF-440A-921D-79043CF14599}.Debug|ARM.Build.0 = Debug|ARM
		{2DE05B6E-23BF-440A-921D-79043CF14599}.Debug|x64.ActiveCfg = Debug|x64
		{2DE05B6E-23BF-440A-921D-79043CF14599}.Debug|x64.Build.0 = Debug|x64
		{2DE05B6E-23BF-440A-921D-79043CF14599}.Debug|x86.ActiveCfg = Debug|x86
		{2DE05B6E-23BF-440A-921D-79043CF14599}.Debug|x86.Build.0 = Debug|x86
		{2DE05B6E-23BF-440A-921D-79043CF14599}.Release|Any CPU.ActiveCfg = Release|Any CPU
		{2DE05B6E-23BF-440A-921D-79043CF14599}.Release|Any CPU.Build.0 = Release|Any CPU
		{2DE05B6E-23BF-440A-921D-79043CF14599}.Release|ARM.ActiveCfg = Release|ARM
		{2DE05B6E-23BF-440A-921D-79043CF14599}.Release|ARM.Build.0 = Release|ARM
		{2DE05B6E-23BF-440A-921D-79043CF14599}.Release|x64.ActiveCfg = Release|x64
		{2DE05B6E-23BF-440A-921D-79043CF14599}.Release|x64.Build.0 = Release|x64
		{2DE05B6E-23BF-440A-921D-79043CF14599}.Release|x86.ActiveCfg = Release|x86
		{2DE05B6E-23BF-440A-921D-79043CF14599}.Release|x86.Build.0 = Release|x86
		{37663DB7-1CB2-4857-88A1-65925C2280F5}.Debug|Any CPU.ActiveCfg = Debug|Any CPU
		{37663DB7-1CB2-4857-88A1-65925C2280F5}.Debug|Any CPU.Build.0 = Debug|Any CPU
		{37663DB7-1CB2-4857-88A1-65925C2280F5}.Debug|ARM.ActiveCfg = Debug|ARM
		{37663DB7-1CB2-4857-88A1-65925C2280F5}.Debug|ARM.Build.0 = Debug|ARM
		{37663DB7-1CB2-4857-88A1-65925C2280F5}.Debug|x64.ActiveCfg = Debug|x64
		{37663DB7-1CB2-4857-88A1-65925C2280F5}.Debug|x64.Build.0 = Debug|x64
		{37663DB7-1CB2-4857-88A1-65925C2280F5}.Debug|x86.ActiveCfg = Debug|x86
		{37663DB7-1CB2-4857-88A1-65925C2280F5}.Debug|x86.Build.0 = Debug|x86
		{37663DB7-1CB2-4857-88A1-65925C2280F5}.Release|Any CPU.ActiveCfg = Release|Any CPU
		{37663DB7-1CB2-4857-88A1-65925C2280F5}.Release|Any CPU.Build.0 = Release|Any CPU
		{37663DB7-1CB2-4857-88A1-65925C2280F5}.Release|ARM.ActiveCfg = Release|ARM
		{37663DB7-1CB2-4857-88A1-65925C2280F5}.Release|ARM.Build.0 = Release|ARM
		{37663DB7-1CB2-4857-88A1-65925C2280F5}.Release|x64.ActiveCfg = Release|x64
		{37663DB7-1CB2-4857-88A1-65925C2280F5}.Release|x64.Build.0 = Release|x64
		{37663DB7-1CB2-4857-88A1-65925C2280F5}.Release|x86.ActiveCfg = Release|x86
		{37663DB7-1CB2-4857-88A1-65925C2280F5}.Release|x86.Build.0 = Release|x86
		{FB0FC802-4FC5-4446-B2DD-48201C738DD1}.Debug|Any CPU.ActiveCfg = Debug|Any CPU
		{FB0FC802-4FC5-4446-B2DD-48201C738DD1}.Debug|Any CPU.Build.0 = Debug|Any CPU
		{FB0FC802-4FC5-4446-B2DD-48201C738DD1}.Debug|ARM.ActiveCfg = Debug|Any CPU
		{FB0FC802-4FC5-4446-B2DD-48201C738DD1}.Debug|x64.ActiveCfg = Debug|x64
		{FB0FC802-4FC5-4446-B2DD-48201C738DD1}.Debug|x64.Build.0 = Debug|x64
		{FB0FC802-4FC5-4446-B2DD-48201C738DD1}.Debug|x86.ActiveCfg = Debug|x86
		{FB0FC802-4FC5-4446-B2DD-48201C738DD1}.Debug|x86.Build.0 = Debug|x86
		{FB0FC802-4FC5-4446-B2DD-48201C738DD1}.Release|Any CPU.ActiveCfg = Release|Any CPU
		{FB0FC802-4FC5-4446-B2DD-48201C738DD1}.Release|Any CPU.Build.0 = Release|Any CPU
		{FB0FC802-4FC5-4446-B2DD-48201C738DD1}.Release|ARM.ActiveCfg = Release|Any CPU
		{FB0FC802-4FC5-4446-B2DD-48201C738DD1}.Release|x64.ActiveCfg = Release|x64
		{FB0FC802-4FC5-4446-B2DD-48201C738DD1}.Release|x64.Build.0 = Release|x64
		{FB0FC802-4FC5-4446-B2DD-48201C738DD1}.Release|x86.ActiveCfg = Release|x86
		{FB0FC802-4FC5-4446-B2DD-48201C738DD1}.Release|x86.Build.0 = Release|x86
	EndGlobalSection
	GlobalSection(SolutionProperties) = preSolution
		HideSolutionNode = FALSE
	EndGlobalSection
EndGlobal
