
Microsoft Visual Studio Solution File, Format Version 12.00
# Visual Studio Version 16
VisualStudioVersion = 16.0.28711.60
MinimumVisualStudioVersion = 10.0.40219.1
Project("{9A19103F-16F7-4668-BE54-9A1E7A4F7556}") = "SpyderClientLibrary", "SpyderClientLibrary\SpyderClientLibrary.csproj", "{2DE05B6E-23BF-440A-921D-79043CF14599}"
EndProject
Project("{FAE04EC0-301F-11D3-BF4B-00C04F79EFBC}") = "SpyderClientLibrary.WPF", "SpyderClientLibrary.WPF\SpyderClientLibrary.WPF.csproj", "{FB0FC802-4FC5-4446-B2DD-48201C738DD1}"
EndProject
Project("{FAE04EC0-301F-11D3-BF4B-00C04F79EFBC}") = "SpyderClientLibraryTests", "SpyderClientLibraryDesktopTests\SpyderClientLibraryTests.csproj", "{86E8F979-1B27-433D-B443-8B881EC87E1F}"
EndProject
Project("{2150E333-8FDC-42A3-9474-1A3956D46DE8}") = "KnightwareCore", "KnightwareCore", "{E55C40C5-5CDA-4C10-A27E-2F594234DF8C}"
EndProject
Project("{9A19103F-16F7-4668-BE54-9A1E7A4F7556}") = "KnightwareCore", "..\..\KnightwareCore\src\KnightwareCore\KnightwareCore.csproj", "{66258288-7801-4A88-9125-F7F89007B2D9}"
EndProject
Project("{9A19103F-16F7-4668-BE54-9A1E7A4F7556}") = "KnightwareCoreTests", "..\..\knightwarecore\src\KnightwareCoreTests\KnightwareCoreTests.csproj", "{75525C2D-F1B6-4E8F-892F-2D26ED72C520}"
EndProject
Project("{FAE04EC0-301F-11D3-BF4B-00C04F79EFBC}") = "SpyderClientLibrary.UWP", "SpyderClientLibrary.UWP\SpyderClientLibrary.UWP.csproj", "{2C967B09-7E92-4380-B08E-8EDA186EC162}"
EndProject
Global
	GlobalSection(SolutionConfigurationPlatforms) = preSolution
		Debug|Any CPU = Debug|Any CPU
		Debug|x64 = Debug|x64
		Debug|x86 = Debug|x86
		Release|Any CPU = Release|Any CPU
		Release|x64 = Release|x64
		Release|x86 = Release|x86
	EndGlobalSection
	GlobalSection(ProjectConfigurationPlatforms) = postSolution
		{2DE05B6E-23BF-440A-921D-79043CF14599}.Debug|Any CPU.ActiveCfg = Debug|Any CPU
		{2DE05B6E-23BF-440A-921D-79043CF14599}.Debug|Any CPU.Build.0 = Debug|Any CPU
		{2DE05B6E-23BF-440A-921D-79043CF14599}.Debug|x64.ActiveCfg = Debug|x64
		{2DE05B6E-23BF-440A-921D-79043CF14599}.Debug|x64.Build.0 = Debug|x64
		{2DE05B6E-23BF-440A-921D-79043CF14599}.Debug|x86.ActiveCfg = Debug|x86
		{2DE05B6E-23BF-440A-921D-79043CF14599}.Debug|x86.Build.0 = Debug|x86
		{2DE05B6E-23BF-440A-921D-79043CF14599}.Release|Any CPU.ActiveCfg = Release|Any CPU
		{2DE05B6E-23BF-440A-921D-79043CF14599}.Release|Any CPU.Build.0 = Release|Any CPU
		{2DE05B6E-23BF-440A-921D-79043CF14599}.Release|x64.ActiveCfg = Release|x64
		{2DE05B6E-23BF-440A-921D-79043CF14599}.Release|x64.Build.0 = Release|x64
		{2DE05B6E-23BF-440A-921D-79043CF14599}.Release|x86.ActiveCfg = Release|x86
		{2DE05B6E-23BF-440A-921D-79043CF14599}.Release|x86.Build.0 = Release|x86
		{FB0FC802-4FC5-4446-B2DD-48201C738DD1}.Debug|Any CPU.ActiveCfg = Debug|Any CPU
		{FB0FC802-4FC5-4446-B2DD-48201C738DD1}.Debug|Any CPU.Build.0 = Debug|Any CPU
		{FB0FC802-4FC5-4446-B2DD-48201C738DD1}.Debug|x64.ActiveCfg = Debug|x64
		{FB0FC802-4FC5-4446-B2DD-48201C738DD1}.Debug|x64.Build.0 = Debug|x64
		{FB0FC802-4FC5-4446-B2DD-48201C738DD1}.Debug|x86.ActiveCfg = Debug|x86
		{FB0FC802-4FC5-4446-B2DD-48201C738DD1}.Debug|x86.Build.0 = Debug|x86
		{FB0FC802-4FC5-4446-B2DD-48201C738DD1}.Release|Any CPU.ActiveCfg = Release|Any CPU
		{FB0FC802-4FC5-4446-B2DD-48201C738DD1}.Release|Any CPU.Build.0 = Release|Any CPU
		{FB0FC802-4FC5-4446-B2DD-48201C738DD1}.Release|x64.ActiveCfg = Release|x64
		{FB0FC802-4FC5-4446-B2DD-48201C738DD1}.Release|x64.Build.0 = Release|x64
		{FB0FC802-4FC5-4446-B2DD-48201C738DD1}.Release|x86.ActiveCfg = Release|x86
		{FB0FC802-4FC5-4446-B2DD-48201C738DD1}.Release|x86.Build.0 = Release|x86
		{86E8F979-1B27-433D-B443-8B881EC87E1F}.Debug|Any CPU.ActiveCfg = Debug|Any CPU
		{86E8F979-1B27-433D-B443-8B881EC87E1F}.Debug|Any CPU.Build.0 = Debug|Any CPU
		{86E8F979-1B27-433D-B443-8B881EC87E1F}.Debug|x64.ActiveCfg = Debug|x64
		{86E8F979-1B27-433D-B443-8B881EC87E1F}.Debug|x64.Build.0 = Debug|x64
		{86E8F979-1B27-433D-B443-8B881EC87E1F}.Debug|x86.ActiveCfg = Debug|x86
		{86E8F979-1B27-433D-B443-8B881EC87E1F}.Debug|x86.Build.0 = Debug|x86
		{86E8F979-1B27-433D-B443-8B881EC87E1F}.Release|Any CPU.ActiveCfg = Release|Any CPU
		{86E8F979-1B27-433D-B443-8B881EC87E1F}.Release|Any CPU.Build.0 = Release|Any CPU
		{86E8F979-1B27-433D-B443-8B881EC87E1F}.Release|x64.ActiveCfg = Release|x64
		{86E8F979-1B27-433D-B443-8B881EC87E1F}.Release|x64.Build.0 = Release|x64
		{86E8F979-1B27-433D-B443-8B881EC87E1F}.Release|x86.ActiveCfg = Release|x86
		{86E8F979-1B27-433D-B443-8B881EC87E1F}.Release|x86.Build.0 = Release|x86
		{66258288-7801-4A88-9125-F7F89007B2D9}.Debug|Any CPU.ActiveCfg = Debug|Any CPU
		{66258288-7801-4A88-9125-F7F89007B2D9}.Debug|Any CPU.Build.0 = Debug|Any CPU
		{66258288-7801-4A88-9125-F7F89007B2D9}.Debug|x64.ActiveCfg = Debug|x64
		{66258288-7801-4A88-9125-F7F89007B2D9}.Debug|x64.Build.0 = Debug|x64
		{66258288-7801-4A88-9125-F7F89007B2D9}.Debug|x86.ActiveCfg = Debug|x86
		{66258288-7801-4A88-9125-F7F89007B2D9}.Debug|x86.Build.0 = Debug|x86
		{66258288-7801-4A88-9125-F7F89007B2D9}.Release|Any CPU.ActiveCfg = Release|Any CPU
		{66258288-7801-4A88-9125-F7F89007B2D9}.Release|Any CPU.Build.0 = Release|Any CPU
		{66258288-7801-4A88-9125-F7F89007B2D9}.Release|x64.ActiveCfg = Release|x64
		{66258288-7801-4A88-9125-F7F89007B2D9}.Release|x64.Build.0 = Release|x64
		{66258288-7801-4A88-9125-F7F89007B2D9}.Release|x86.ActiveCfg = Release|x86
		{66258288-7801-4A88-9125-F7F89007B2D9}.Release|x86.Build.0 = Release|x86
		{75525C2D-F1B6-4E8F-892F-2D26ED72C520}.Debug|Any CPU.ActiveCfg = Debug|Any CPU
		{75525C2D-F1B6-4E8F-892F-2D26ED72C520}.Debug|Any CPU.Build.0 = Debug|Any CPU
		{75525C2D-F1B6-4E8F-892F-2D26ED72C520}.Debug|x64.ActiveCfg = Debug|x64
		{75525C2D-F1B6-4E8F-892F-2D26ED72C520}.Debug|x64.Build.0 = Debug|x64
		{75525C2D-F1B6-4E8F-892F-2D26ED72C520}.Debug|x86.ActiveCfg = Debug|x86
		{75525C2D-F1B6-4E8F-892F-2D26ED72C520}.Debug|x86.Build.0 = Debug|x86
		{75525C2D-F1B6-4E8F-892F-2D26ED72C520}.Release|Any CPU.ActiveCfg = Release|Any CPU
		{75525C2D-F1B6-4E8F-892F-2D26ED72C520}.Release|Any CPU.Build.0 = Release|Any CPU
		{75525C2D-F1B6-4E8F-892F-2D26ED72C520}.Release|x64.ActiveCfg = Release|x64
		{75525C2D-F1B6-4E8F-892F-2D26ED72C520}.Release|x64.Build.0 = Release|x64
		{75525C2D-F1B6-4E8F-892F-2D26ED72C520}.Release|x86.ActiveCfg = Release|x86
		{75525C2D-F1B6-4E8F-892F-2D26ED72C520}.Release|x86.Build.0 = Release|x86
		{2C967B09-7E92-4380-B08E-8EDA186EC162}.Debug|Any CPU.ActiveCfg = Debug|Any CPU
		{2C967B09-7E92-4380-B08E-8EDA186EC162}.Debug|Any CPU.Build.0 = Debug|Any CPU
		{2C967B09-7E92-4380-B08E-8EDA186EC162}.Debug|x64.ActiveCfg = Debug|x64
		{2C967B09-7E92-4380-B08E-8EDA186EC162}.Debug|x64.Build.0 = Debug|x64
		{2C967B09-7E92-4380-B08E-8EDA186EC162}.Debug|x86.ActiveCfg = Debug|x86
		{2C967B09-7E92-4380-B08E-8EDA186EC162}.Debug|x86.Build.0 = Debug|x86
		{2C967B09-7E92-4380-B08E-8EDA186EC162}.Release|Any CPU.ActiveCfg = Release|Any CPU
		{2C967B09-7E92-4380-B08E-8EDA186EC162}.Release|Any CPU.Build.0 = Release|Any CPU
		{2C967B09-7E92-4380-B08E-8EDA186EC162}.Release|x64.ActiveCfg = Release|x64
		{2C967B09-7E92-4380-B08E-8EDA186EC162}.Release|x64.Build.0 = Release|x64
		{2C967B09-7E92-4380-B08E-8EDA186EC162}.Release|x86.ActiveCfg = Release|x86
		{2C967B09-7E92-4380-B08E-8EDA186EC162}.Release|x86.Build.0 = Release|x86
	EndGlobalSection
	GlobalSection(SolutionProperties) = preSolution
		HideSolutionNode = FALSE
	EndGlobalSection
	GlobalSection(NestedProjects) = preSolution
		{66258288-7801-4A88-9125-F7F89007B2D9} = {E55C40C5-5CDA-4C10-A27E-2F594234DF8C}
		{75525C2D-F1B6-4E8F-892F-2D26ED72C520} = {E55C40C5-5CDA-4C10-A27E-2F594234DF8C}
	EndGlobalSection
	GlobalSection(ExtensibilityGlobals) = postSolution
		SolutionGuid = {1F8970A9-5785-44B1-BAB3-98BF6948138B}
	EndGlobalSection
EndGlobal
